{
  "name": "issue-tracker",
  "version": "1.0.0",
  "lockfileVersion": 3,
  "requires": true,
  "packages": {
    "": {
      "name": "issue-tracker",
      "version": "1.0.0",
      "license": "ISC",
      "dependencies": {
        "@prisma/client": "^5.16.2",
        "classnames": "^2.3.2",
        "prisma": "^5.16.2",
        "react-icons": "^4.11.0",
        "zod": "^3.22.2"
      },
      "devDependencies": {
        "@types/node": "^20.14.10"
      }
    },
    "node_modules/@prisma/client": {
      "version": "5.16.2",
      "resolved": "https://registry.npmjs.org/@prisma/client/-/client-5.16.2.tgz",
      "integrity": "sha512-+1lmkhR9gHWcTC5oghm2ZKpWljyWdzfazCVlLKUWXVmwHSf52g81aZ8qb6Km5Bs025yBi7puLp3qSLEvktoUtw==",
      "hasInstallScript": true,
      "engines": {
        "node": ">=16.13"
      },
      "peerDependencies": {
        "prisma": "*"
      },
      "peerDependenciesMeta": {
        "prisma": {
          "optional": true
        }
      }
    },
    "node_modules/@prisma/debug": {
      "version": "5.16.2",
      "resolved": "https://registry.npmjs.org/@prisma/debug/-/debug-5.16.2.tgz",
      "integrity": "sha512-ItzB4nR4O8eLzuJiuP3WwUJfoIvewMHqpGCad+64gvThcKEVOtaUza9AEJo2DPqAOa/AWkFyK54oM4WwHeew+A=="
    },
    "node_modules/@prisma/engines": {
      "version": "5.16.2",
      "resolved": "https://registry.npmjs.org/@prisma/engines/-/engines-5.16.2.tgz",
      "integrity": "sha512-qUxwMtrwoG3byd4PbX6T7EjHJ8AUhzTuwniOGkh/hIznBfcE2QQnGakyEq4VnwNuttMqvh/GgPFapHQ3lCuRHg==",
      "hasInstallScript": true,
      "dependencies": {
        "@prisma/debug": "5.16.2",
        "@prisma/engines-version": "5.16.0-24.34ace0eb2704183d2c05b60b52fba5c43c13f303",
        "@prisma/fetch-engine": "5.16.2",
        "@prisma/get-platform": "5.16.2"
      }
    },
    "node_modules/@prisma/engines-version": {
      "version": "5.16.0-24.34ace0eb2704183d2c05b60b52fba5c43c13f303",
      "resolved": "https://registry.npmjs.org/@prisma/engines-version/-/engines-version-5.16.0-24.34ace0eb2704183d2c05b60b52fba5c43c13f303.tgz",
      "integrity": "sha512-HkT2WbfmFZ9WUPyuJHhkiADxazHg8Y4gByrTSVeb3OikP6tjQ7txtSUGu9OBOBH0C13dPKN2qqH12xKtHu/Hiw=="
    },
    "node_modules/@prisma/fetch-engine": {
      "version": "5.16.2",
      "resolved": "https://registry.npmjs.org/@prisma/fetch-engine/-/fetch-engine-5.16.2.tgz",
      "integrity": "sha512-sq51lfHKfH2jjYSjBtMjP+AznFqOJzXpqmq6B9auWrlTJrMgZ7lPyhWUW7VU7LsQU48/TJ+DZeIz8s9bMYvcHg==",
      "dependencies": {
        "@prisma/debug": "5.16.2",
        "@prisma/engines-version": "5.16.0-24.34ace0eb2704183d2c05b60b52fba5c43c13f303",
        "@prisma/get-platform": "5.16.2"
      }
    },
    "node_modules/@prisma/get-platform": {
      "version": "5.16.2",
      "resolved": "https://registry.npmjs.org/@prisma/get-platform/-/get-platform-5.16.2.tgz",
      "integrity": "sha512-cXiHPgNLNyj22vLouPVNegklpRL/iX2jxTeap5GRO3DmCoVyIHmJAV1CgUMUJhHlcol9yYy7EHvsnXTDJ/PKEA==",
      "dependencies": {
        "@prisma/debug": "5.16.2"
      }
    },
    "node_modules/@types/node": {
      "version": "20.14.10",
      "resolved": "https://registry.npmjs.org/@types/node/-/node-20.14.10.tgz",
      "integrity": "sha512-MdiXf+nDuMvY0gJKxyfZ7/6UFsETO7mGKF54MVD/ekJS6HdFtpZFBgrh6Pseu64XTb2MLyFPlbW6hj8HYRQNOQ==",
      "dev": true,
      "dependencies": {
        "undici-types": "~5.26.4"
      }
    },
    "node_modules/classnames": {
      "version": "2.3.2",
      "resolved": "https://registry.npmjs.org/classnames/-/classnames-2.3.2.tgz",
      "integrity": "sha512-CSbhY4cFEJRe6/GQzIk5qXZ4Jeg5pcsP7b5peFSDpffpe1cqjASH/n9UTjBwOp6XpMSTwQ8Za2K5V02ueA7Tmw=="
    },
    "node_modules/js-tokens": {
      "version": "4.0.0",
      "resolved": "https://registry.npmjs.org/js-tokens/-/js-tokens-4.0.0.tgz",
      "integrity": "sha512-RdJUflcE3cUzKiMqQgsCu06FPu9UdIJO0beYbPhHN4k6apgJtifcoCtT9bcxOpYBtpD2kCM6Sbzg4CausW/PKQ==",
      "peer": true
    },
    "node_modules/loose-envify": {
      "version": "1.4.0",
      "resolved": "https://registry.npmjs.org/loose-envify/-/loose-envify-1.4.0.tgz",
      "integrity": "sha512-lyuxPGr/Wfhrlem2CL/UcnUc1zcqKAImBDzukY7Y5F/yQiNdko6+fRLevlw1HgMySw7f611UIY408EtxRSoK3Q==",
      "peer": true,
      "dependencies": {
        "js-tokens": "^3.0.0 || ^4.0.0"
      },
      "bin": {
        "loose-envify": "cli.js"
      }
    },
    "node_modules/prisma": {
      "version": "5.16.2",
      "resolved": "https://registry.npmjs.org/prisma/-/prisma-5.16.2.tgz",
      "integrity": "sha512-rFV/xoBR2hBGGlu4LPLQd4U8WVA+tSAmYyFWGPRVfj+xg7N4kiZV4lSk38htSpF+/IuHKzlrbh4SFk8Z18cI8A==",
      "hasInstallScript": true,
      "dependencies": {
        "@prisma/engines": "5.16.2"
      },
      "bin": {
        "prisma": "build/index.js"
      },
      "engines": {
        "node": ">=16.13"
      }
    },
    "node_modules/react": {
      "version": "18.3.1",
      "resolved": "https://registry.npmjs.org/react/-/react-18.3.1.tgz",
      "integrity": "sha512-wS+hAgJShR0KhEvPJArfuPVN1+Hz1t0Y6n5jLrGQbkb4urgPE/0Rve+1kMB1v/oWgHgm4WIcV+i7F2pTVj+2iQ==",
      "peer": true,
      "dependencies": {
        "loose-envify": "^1.1.0"
      },
      "engines": {
        "node": ">=0.10.0"
      }
    },
    "node_modules/react-icons": {
      "version": "4.11.0",
      "resolved": "https://registry.npmjs.org/react-icons/-/react-icons-4.11.0.tgz",
      "integrity": "sha512-V+4khzYcE5EBk/BvcuYRq6V/osf11ODUM2J8hg2FDSswRrGvqiYUYPRy4OdrWaQOBj4NcpJfmHZLNaD+VH0TyA==",
      "peerDependencies": {
        "react": "*"
      }
    },
    "node_modules/undici-types": {
      "version": "5.26.5",
      "resolved": "https://registry.npmjs.org/undici-types/-/undici-types-5.26.5.tgz",
      "integrity": "sha512-JlCMO+ehdEIKqlFxk6IfVoAUVmgz7cU7zD/h9XZ0qzeosSHmUJVOzSQvvYSYWXkFXC+IfLKSIffhv0sVZup6pA==",
      "dev": true
    },
    "node_modules/zod": {
      "version": "3.23.8",
      "resolved": "https://registry.npmjs.org/zod/-/zod-3.23.8.tgz",
      "integrity": "sha512-XBx9AXhXktjUqnepgTiE5flcKIYWi/rme0Eaj+5Y0lftuGBq+jyRu/md4WnuxqgP1ubdpNCsYEYPxrzVHD8d6g==",
      "funding": {
        "url": "https://github.com/sponsors/colinhacks"
      }
    }
  }
}
